<?xml version="1.0" encoding="utf-8"?>
<Project ToolsVersion="4.0" xmlns="http://schemas.microsoft.com/developer/msbuild/2003">
  <ItemGroup>
    <Filter Include="리소스 파일">
      <UniqueIdentifier>{67DA6AB6-F800-4c08-8B7A-83BB121AAD01}</UniqueIdentifier>
      <Extensions>rc;ico;cur;bmp;dlg;rc2;rct;bin;rgs;gif;jpg;jpeg;jpe;resx;tiff;tif;png;wav;mfcribbon-ms</Extensions>
    </Filter>
    <Filter Include="WinAPI">
      <UniqueIdentifier>{152ff545-2838-467f-bcc6-0f818c50d6d0}</UniqueIdentifier>
    </Filter>
    <Filter Include="Engine">
      <UniqueIdentifier>{e093be10-a6ee-4b27-9c1b-62ed3a8142df}</UniqueIdentifier>
    </Filter>
    <Filter Include="Engine\High Level Interface">
      <UniqueIdentifier>{f82af948-10ec-4d80-9ae2-92a528828ef6}</UniqueIdentifier>
    </Filter>
    <Filter Include="Engine\Essentials">
      <UniqueIdentifier>{e2844d46-af47-4e2d-be72-af166c076823}</UniqueIdentifier>
    </Filter>
    <Filter Include="Engine\Scenes">
      <UniqueIdentifier>{910c82da-e0ba-454a-9786-9a0ffd818dbd}</UniqueIdentifier>
    </Filter>
    <Filter Include="Engine\Scenes\Action Scene">
      <UniqueIdentifier>{3b64e6d7-a5cf-4d10-8eb7-f1f3f09764f6}</UniqueIdentifier>
    </Filter>
    <Filter Include="Engine\Objects">
      <UniqueIdentifier>{3ba6ef47-c02d-48a1-9512-847dfb5b5a1c}</UniqueIdentifier>
    </Filter>
    <Filter Include="Engine\Components">
      <UniqueIdentifier>{11176e37-774b-43d1-9437-63d23d0070dd}</UniqueIdentifier>
    </Filter>
    <Filter Include="Engine\Layers">
      <UniqueIdentifier>{bf37b475-4df9-4b47-9bf6-2e162596ea26}</UniqueIdentifier>
    </Filter>
    <Filter Include="Contents">
      <UniqueIdentifier>{7810928c-90ee-4fa4-88c7-08e99ac9bdf7}</UniqueIdentifier>
    </Filter>
    <Filter Include="Engine\Time">
      <UniqueIdentifier>{7d27de68-8f17-40a5-97bb-9ef235850269}</UniqueIdentifier>
    </Filter>
    <Filter Include="Engine\Input">
      <UniqueIdentifier>{c10c1af8-83fe-4343-b77c-93514f6c2034}</UniqueIdentifier>
    </Filter>
    <Filter Include="Resource">
      <UniqueIdentifier>{ce59ec6d-08fa-485b-8af7-ce10dddd4dae}</UniqueIdentifier>
    </Filter>
    <Filter Include="Engine\Scenes\Title Scene">
      <UniqueIdentifier>{3c633bf0-a5c2-40a2-9e70-f912246f649a}</UniqueIdentifier>
    </Filter>
  </ItemGroup>
  <ItemGroup>
    <ClInclude Include="framework.h">
      <Filter>WinAPI</Filter>
    </ClInclude>
    <ClInclude Include="Resource.h">
      <Filter>WinAPI</Filter>
    </ClInclude>
    <ClInclude Include="targetver.h">
      <Filter>WinAPI</Filter>
    </ClInclude>
    <ClInclude Include="WinAPI_project.h">
      <Filter>WinAPI</Filter>
    </ClInclude>
    <ClInclude Include="entity.h">
      <Filter>Engine\Objects</Filter>
    </ClInclude>
    <ClInclude Include="application.h">
      <Filter>Engine\High Level Interface</Filter>
    </ClInclude>
    <ClInclude Include="engine.h">
      <Filter>Engine\Essentials</Filter>
    </ClInclude>
    <ClInclude Include="enumPack.h">
      <Filter>Engine\Essentials</Filter>
    </ClInclude>
    <ClInclude Include="includePack.h">
      <Filter>Engine\Essentials</Filter>
    </ClInclude>
    <ClInclude Include="mathPack.h">
      <Filter>Engine\Essentials</Filter>
    </ClInclude>
    <ClInclude Include="scene.h">
      <Filter>Engine\Scenes</Filter>
    </ClInclude>
    <ClInclude Include="component.h">
      <Filter>Engine\Components</Filter>
    </ClInclude>
    <ClInclude Include="sceneManager.h">
      <Filter>Engine\Scenes</Filter>
    </ClInclude>
    <ClInclude Include="layer.h">
      <Filter>Engine\Layers</Filter>
    </ClInclude>
    <ClInclude Include="actionScene.h">
      <Filter>Engine\Scenes\Action Scene</Filter>
    </ClInclude>
    <ClInclude Include="penitentOne.h">
      <Filter>Contents</Filter>
    </ClInclude>
    <ClInclude Include="object.h">
      <Filter>Engine\Objects</Filter>
    </ClInclude>
    <ClInclude Include="time.h">
      <Filter>Engine\Time</Filter>
    </ClInclude>
    <ClInclude Include="keyInput.h">
      <Filter>Engine\Input</Filter>
    </ClInclude>
    <ClInclude Include="bpResource.h">
      <Filter>Resource</Filter>
    </ClInclude>
    <ClInclude Include="findResource.h">
      <Filter>Resource</Filter>
    </ClInclude>
    <ClInclude Include="image_panitentOne.h" />
    <ClInclude Include="titleScene.h">
      <Filter>Engine\Scenes\Title Scene</Filter>
    </ClInclude>
    <ClInclude Include="background.h">
      <Filter>Contents</Filter>
    </ClInclude>
    <ClInclude Include="titleImage.h">
      <Filter>Contents</Filter>
    </ClInclude>
    <ClInclude Include="transformation.h">
      <Filter>Engine\Components</Filter>
    </ClInclude>
  </ItemGroup>
  <ItemGroup>
    <ResourceCompile Include="WinAPI_project.rc">
      <Filter>리소스 파일</Filter>
    </ResourceCompile>
  </ItemGroup>
  <ItemGroup>
    <Image Include="small.ico">
      <Filter>리소스 파일</Filter>
    </Image>
    <Image Include="WinAPI_project.ico">
      <Filter>리소스 파일</Filter>
    </Image>
    <Image Include="..\Resource\main_icon.ico">
      <Filter>리소스 파일</Filter>
    </Image>
  </ItemGroup>
  <ItemGroup>
    <ClCompile Include="WinAPI_project.cpp">
      <Filter>WinAPI</Filter>
    </ClCompile>
    <ClCompile Include="entity.cpp">
      <Filter>Engine\Objects</Filter>
    </ClCompile>
    <ClCompile Include="application.cpp">
      <Filter>Engine\High Level Interface</Filter>
    </ClCompile>
    <ClCompile Include="mathPack.cpp">
      <Filter>Engine\Essentials</Filter>
    </ClCompile>
    <ClCompile Include="component.cpp">
      <Filter>Engine\Components</Filter>
    </ClCompile>
    <ClCompile Include="sceneManager.cpp">
      <Filter>Engine\Scenes</Filter>
    </ClCompile>
    <ClCompile Include="layer.cpp">
      <Filter>Engine\Layers</Filter>
    </ClCompile>
    <ClCompile Include="actionScene.cpp">
      <Filter>Engine\Scenes\Action Scene</Filter>
    </ClCompile>
    <ClCompile Include="scene.cpp">
      <Filter>Engine\Scenes</Filter>
    </ClCompile>
    <ClCompile Include="penitentOne.cpp">
      <Filter>Contents</Filter>
    </ClCompile>
    <ClCompile Include="object.cpp">
      <Filter>Engine\Objects</Filter>
    </ClCompile>
    <ClCompile Include="time.cpp">
      <Filter>Engine\Time</Filter>
    </ClCompile>
    <ClCompile Include="keyInput.cpp">
      <Filter>Engine\Input</Filter>
    </ClCompile>
    <ClCompile Include="bpResource.cpp">
      <Filter>Resource</Filter>
    </ClCompile>
    <ClCompile Include="findResource.cpp">
      <Filter>Resource</Filter>
    </ClCompile>
    <ClCompile Include="image_panitentOne.cpp" />
    <ClCompile Include="titleScene.cpp">
      <Filter>Engine\Scenes\Title Scene</Filter>
    </ClCompile>
    <ClCompile Include="background.cpp">
      <Filter>Contents</Filter>
    </ClCompile>
    <ClCompile Include="titleImage.cpp">
      <Filter>Contents</Filter>
    </ClCompile>
    <ClCompile Include="transformation.cpp">
      <Filter>Engine\Components</Filter>
    </ClCompile>
  </ItemGroup>
</Project>